// !$*UTF8*$!
{
	archiveVersion = 1;
	classes = {
	};
	objectVersion = 77;
	objects = {

/* Begin PBXContainerItemProxy section */
		B0FD77A62D8660F100753B22 /* PBXContainerItemProxy */ = {
			isa = PBXContainerItemProxy;
			containerPortal = B0FD77872D8660EF00753B22 /* Project object */;
			proxyType = 1;
			remoteGlobalIDString = B0FD778E2D8660EF00753B22;
			remoteInfo = AirQualityApp;
		};
		B0FD77B02D8660F100753B22 /* PBXContainerItemProxy */ = {
			isa = PBXContainerItemProxy;
			containerPortal = B0FD77872D8660EF00753B22 /* Project object */;
			proxyType = 1;
			remoteGlobalIDString = B0FD778E2D8660EF00753B22;
			remoteInfo = AirQualityApp;
		};
/* End PBXContainerItemProxy section */

/* Begin PBXFileReference section */
		B0FD778F2D8660EF00753B22 /* AirQualityApp.app */ = {isa = PBXFileReference; explicitFileType = wrapper.application; includeInIndex = 0; path = AirQualityApp.app; sourceTree = BUILT_PRODUCTS_DIR; };
		B0FD77A52D8660F100753B22 /* AirQualityAppTests.xctest */ = {isa = PBXFileReference; explicitFileType = wrapper.cfbundle; includeInIndex = 0; path = AirQualityAppTests.xctest; sourceTree = BUILT_PRODUCTS_DIR; };
		B0FD77AF2D8660F100753B22 /* AirQualityAppUITests.xctest */ = {isa = PBXFileReference; explicitFileType = wrapper.cfbundle; includeInIndex = 0; path = AirQualityAppUITests.xctest; sourceTree = BUILT_PRODUCTS_DIR; };
/* End PBXFileReference section */

/* Begin PBXFileSystemSynchronizedBuildFileExceptionSet section */
		B0FD77B72D8660F100753B22 /* Exceptions for "AirQualityApp" folder in "AirQualityApp" target */ = {
			isa = PBXFileSystemSynchronizedBuildFileExceptionSet;
			membershipExceptions = (
				Info.plist,
			);
			target = B0FD778E2D8660EF00753B22 /* AirQualityApp */;
		};
/* End PBXFileSystemSynchronizedBuildFileExceptionSet section */

/* Begin PBXFileSystemSynchronizedRootGroup section */
		B0FD77912D8660EF00753B22 /* AirQualityApp */ = {
			isa = PBXFileSystemSynchronizedRootGroup;
			exceptions = (
				B0FD77B72D8660F100753B22 /* Exceptions for "AirQualityApp" folder in "AirQualityApp" target */,
			);
			path = AirQualityApp;
			sourceTree = "<group>";
		};
		B0FD77A82D8660F100753B22 /* AirQualityAppTests */ = {
			isa = PBXFileSystemSynchronizedRootGroup;
			path = AirQualityAppTests;
			sourceTree = "<group>";
		};
		B0FD77B22D8660F100753B22 /* AirQualityAppUITests */ = {
			isa = PBXFileSystemSynchronizedRootGroup;
			path = AirQualityAppUITests;
			sourceTree = "<group>";
		};
/* End PBXFileSystemSynchronizedRootGroup section */

/* Begin PBXFrameworksBuildPhase section */
		B0FD778C2D8660EF00753B22 /* Frameworks */ = {
			isa = PBXFrameworksBuildPhase;
			buildActionMask = 2147483647;
			files = (
			);
			runOnlyForDeploymentPostprocessing = 0;
		};
		B0FD77A22D8660F100753B22 /* Frameworks */ = {
			isa = PBXFrameworksBuildPhase;
			buildActionMask = 2147483647;
			files = (
			);
			runOnlyForDeploymentPostprocessing = 0;
		};
		B0FD77AC2D8660F100753B22 /* Frameworks */ = {
			isa = PBXFrameworksBuildPhase;
			buildActionMask = 2147483647;
			files = (
			);
			runOnlyForDeploymentPostprocessing = 0;
		};
/* End PBXFrameworksBuildPhase section */

/* Begin PBXGroup section */
		B0FD77862D8660EF00753B22 = {
			isa = PBXGroup;
			children = (
				B0FD77912D8660EF00753B22 /* AirQualityApp */,
				B0FD77A82D8660F100753B22 /* AirQualityAppTests */,
				B0FD77B22D8660F100753B22 /* AirQualityAppUITests */,
				B0FD77902D8660EF00753B22 /* Products */,
			);
			sourceTree = "<group>";
		};
		B0FD77902D8660EF00753B22 /* Products */ = {
			isa = PBXGroup;
			children = (
				B0FD778F2D8660EF00753B22 /* AirQualityApp.app */,
				B0FD77A52D8660F100753B22 /* AirQualityAppTests.xctest */,
				B0FD77AF2D8660F100753B22 /* AirQualityAppUITests.xctest */,
			);
			name = Products;
			sourceTree = "<group>";
		};
/* End PBXGroup section */

/* Begin PBXNativeTarget section */
		B0FD778E2D8660EF00753B22 /* AirQualityApp */ = {
			isa = PBXNativeTarget;
			buildConfigurationList = B0FD77B82D8660F100753B22 /* Build configuration list for PBXNativeTarget "AirQualityApp" */;
			buildPhases = (
				B0FD778B2D8660EF00753B22 /* Sources */,
				B0FD778C2D8660EF00753B22 /* Frameworks */,
				B0FD778D2D8660EF00753B22 /* Resources */,
			);
			buildRules = (
			);
			dependencies = (
			);
			fileSystemSynchronizedGroups = (
				B0FD77912D8660EF00753B22 /* AirQualityApp */,
			);
			name = AirQualityApp;
			packageProductDependencies = (
			);
			productName = AirQualityApp;
			productReference = B0FD778F2D8660EF00753B22 /* AirQualityApp.app */;
			productType = "com.apple.product-type.application";
		};
		B0FD77A42D8660F100753B22 /* AirQualityAppTests */ = {
			isa = PBXNativeTarget;
			buildConfigurationList = B0FD77BD2D8660F100753B22 /* Build configuration list for PBXNativeTarget "AirQualityAppTests" */;
			buildPhases = (
				B0FD77A12D8660F100753B22 /* Sources */,
				B0FD77A22D8660F100753B22 /* Frameworks */,
				B0FD77A32D8660F100753B22 /* Resources */,
			);
			buildRules = (
			);
			dependencies = (
				B0FD77A72D8660F100753B22 /* PBXTargetDependency */,
			);
			fileSystemSynchronizedGroups = (
				B0FD77A82D8660F100753B22 /* AirQualityAppTests */,
			);
			name = AirQualityAppTests;
			packageProductDependencies = (
			);
			productName = AirQualityAppTests;
			productReference = B0FD77A52D8660F100753B22 /* AirQualityAppTests.xctest */;
			productType = "com.apple.product-type.bundle.unit-test";
		};
		B0FD77AE2D8660F100753B22 /* AirQualityAppUITests */ = {
			isa = PBXNativeTarget;
			buildConfigurationList = B0FD77C02D8660F100753B22 /* Build configuration list for PBXNativeTarget "AirQualityAppUITests" */;
			buildPhases = (
				B0FD77AB2D8660F100753B22 /* Sources */,
				B0FD77AC2D8660F100753B22 /* Frameworks */,
				B0FD77AD2D8660F100753B22 /* Resources */,
			);
			buildRules = (
			);
			dependencies = (
				B0FD77B12D8660F100753B22 /* PBXTargetDependency */,
			);
			fileSystemSynchronizedGroups = (
				B0FD77B22D8660F100753B22 /* AirQualityAppUITests */,
			);
			name = AirQualityAppUITests;
			packageProductDependencies = (
			);
			productName = AirQualityAppUITests;
			productReference = B0FD77AF2D8660F100753B22 /* AirQualityAppUITests.xctest */;
			productType = "com.apple.product-type.bundle.ui-testing";
		};
/* End PBXNativeTarget section */

/* Begin PBXProject section */
		B0FD77872D8660EF00753B22 /* Project object */ = {
			isa = PBXProject;
			attributes = {
				BuildIndependentTargetsInParallel = 1;
				LastSwiftUpdateCheck = 1620;
				LastUpgradeCheck = 1620;
				TargetAttributes = {
					B0FD778E2D8660EF00753B22 = {
						CreatedOnToolsVersion = 16.2;
					};
					B0FD77A42D8660F100753B22 = {
						CreatedOnToolsVersion = 16.2;
						TestTargetID = B0FD778E2D8660EF00753B22;
					};
					B0FD77AE2D8660F100753B22 = {
						CreatedOnToolsVersion = 16.2;
						TestTargetID = B0FD778E2D8660EF00753B22;
					};
				};
			};
			buildConfigurationList = B0FD778A2D8660EF00753B22 /* Build configuration list for PBXProject "AirQualityApp" */;
			developmentRegion = en;
			hasScannedForEncodings = 0;
			knownRegions = (
				en,
				Base,
			);
			mainGroup = B0FD77862D8660EF00753B22;
			minimizedProjectReferenceProxies = 1;
			preferredProjectObjectVersion = 77;
			productRefGroup = B0FD77902D8660EF00753B22 /* Products */;
			projectDirPath = "";
			projectRoot = "";
			targets = (
				B0FD778E2D8660EF00753B22 /* AirQualityApp */,
				B0FD77A42D8660F100753B22 /* AirQualityAppTests */,
				B0FD77AE2D8660F100753B22 /* AirQualityAppUITests */,
			);
		};
/* End PBXProject section */

/* Begin PBXResourcesBuildPhase section */
		B0FD778D2D8660EF00753B22 /* Resources */ = {
			isa = PBXResourcesBuildPhase;
			buildActionMask = 2147483647;
			files = (
			);
			runOnlyForDeploymentPostprocessing = 0;
		};
		B0FD77A32D8660F100753B22 /* Resources */ = {
			isa = PBXResourcesBuildPhase;
			buildActionMask = 2147483647;
			files = (
			);
			runOnlyForDeploymentPostprocessing = 0;
		};
		B0FD77AD2D8660F100753B22 /* Resources */ = {
			isa = PBXResourcesBuildPhase;
			buildActionMask = 2147483647;
			files = (
			);
			runOnlyForDeploymentPostprocessing = 0;
		};
/* End PBXResourcesBuildPhase section */

/* Begin PBXSourcesBuildPhase section */
		B0FD778B2D8660EF00753B22 /* Sources */ = {
			isa = PBXSourcesBuildPhase;
			buildActionMask = 2147483647;
			files = (
			);
			runOnlyForDeploymentPostprocessing = 0;
		};
		B0FD77A12D8660F100753B22 /* Sources */ = {
			isa = PBXSourcesBuildPhase;
			buildActionMask = 2147483647;
			files = (
			);
			runOnlyForDeploymentPostprocessing = 0;
		};
		B0FD77AB2D8660F100753B22 /* Sources */ = {
			isa = PBXSourcesBuildPhase;
			buildActionMask = 2147483647;
			files = (
			);
			runOnlyForDeploymentPostprocessing = 0;
		};
/* End PBXSourcesBuildPhase section */

/* Begin PBXTargetDependency section */
		B0FD77A72D8660F100753B22 /* PBXTargetDependency */ = {
			isa = PBXTargetDependency;
			target = B0FD778E2D8660EF00753B22 /* AirQualityApp */;
			targetProxy = B0FD77A62D8660F100753B22 /* PBXContainerItemProxy */;
		};
		B0FD77B12D8660F100753B22 /* PBXTargetDependency */ = {
			isa = PBXTargetDependency;
			target = B0FD778E2D8660EF00753B22 /* AirQualityApp */;
			targetProxy = B0FD77B02D8660F100753B22 /* PBXContainerItemProxy */;
		};
/* End PBXTargetDependency section */

/* Begin XCBuildConfiguration section */
		B0FD77B92D8660F100753B22 /* Debug */ = {
			isa = XCBuildConfiguration;
			buildSettings = {
				ASSETCATALOG_COMPILER_APPICON_NAME = AppIcon;
				ASSETCATALOG_COMPILER_GLOBAL_ACCENT_COLOR_NAME = AccentColor;
				CODE_SIGN_STYLE = Automatic;
				CURRENT_PROJECT_VERSION = 1;
				GENERATE_INFOPLIST_FILE = YES;
				INFOPLIST_FILE = AirQualityApp/Info.plist;
				INFOPLIST_KEY_UIApplicationSupportsIndirectInputEvents = YES;
				INFOPLIST_KEY_UILaunchStoryboardName = LaunchScreen;
				INFOPLIST_KEY_UIMainStoryboardFile = Main;
				INFOPLIST_KEY_UISupportedInterfaceOrientations_iPad = "UIInterfaceOrientationPortrait UIInterfaceOrientationPortraitUpsideDown UIInterfaceOrientationLandscapeLeft UIInterfaceOrientationLandscapeRight";
				INFOPLIST_KEY_UISupportedInterfaceOrientations_iPhone = "UIInterfaceOrientationPortrait UIInterfaceOrientationLandscapeLeft UIInterfaceOrientationLandscapeRight";
				LD_RUNPATH_SEARCH_PATHS = (
					"$(inherited)",
					"@executable_path/Frameworks",
				);
				MARKETING_VERSION = 1.0;
				PRODUCT_BUNDLE_IDENTIFIER = sbui.AirQualityApp;
				PRODUCT_NAME = "$(TARGET_NAME)";
				SWIFT_EMIT_LOC_STRINGS = YES;
				SWIFT_VERSION = 5.0;
				TARGETED_DEVICE_FAMILY = "1,2";
			};
			name = Debug;
		};
		B0FD77BA2D8660F100753B22 /* Release */ = {
			isa = XCBuildConfiguration;
			buildSettings = {
				ASSETCATALOG_COMPILER_APPICON_NAME = AppIcon;
				ASSETCATALOG_COMPILER_GLOBAL_ACCENT_COLOR_NAME = AccentColor;
				CODE_SIGN_STYLE = Automatic;
				CURRENT_PROJECT_VERSION = 1;
				GENERATE_INFOPLIST_FILE = YES;
				INFOPLIST_FILE = AirQualityApp/Info.plist;
				INFOPLIST_KEY_UIApplicationSupportsIndirectInputEvents = YES;
				INFOPLIST_KEY_UILaunchStoryboardName = LaunchScreen;
				INFOPLIST_KEY_UIMainStoryboardFile = Main;
				INFOPLIST_KEY_UISupportedInterfaceOrientations_iPad = "UIInterfaceOrientationPortrait UIInterfaceOrientationPortraitUpsideDown UIInterfaceOrientationLandscapeLeft UIInterfaceOrientationLandscapeRight";
				INFOPLIST_KEY_UISupportedInterfaceOrientations_iPhone = "UIInterfaceOrientationPortrait UIInterfaceOrientationLandscapeLeft UIInterfaceOrientationLandscapeRight";
				LD_RUNPATH_SEARCH_PATHS = (
					"$(inherited)",
					"@executable_path/Frameworks",
				);
				MARKETING_VERSION = 1.0;
				PRODUCT_BUNDLE_IDENTIFIER = sbui.AirQualityApp;
				PRODUCT_NAME = "$(TARGET_NAME)";
				SWIFT_EMIT_LOC_STRINGS = YES;
				SWIFT_VERSION = 5.0;
				TARGETED_DEVICE_FAMILY = "1,2";
			};
			name = Release;
		};
		B0FD77BB2D8660F100753B22 /* Debug */ = {
			isa = XCBuildConfiguration;
			buildSettings = {
				ALWAYS_SEARCH_USER_PATHS = NO;
				ASSETCATALOG_COMPILER_GENERATE_SWIFT_ASSET_SYMBOL_EXTENSIONS = YES;
				CLANG_ANALYZER_NONNULL = YES;
				CLANG_ANALYZER_NUMBER_OBJECT_CONVERSION = YES_AGGRESSIVE;
				CLANG_CXX_LANGUAGE_STANDARD = "gnu++20";
				CLANG_ENABLE_MODULES = YES;
				CLANG_ENABLE_OBJC_ARC = YES;
				CLANG_ENABLE_OBJC_WEAK = YES;
				CLANG_WARN_BLOCK_CAPTURE_AUTORELEASING = YES;
				CLANG_WARN_BOOL_CONVERSION = YES;
				CLANG_WARN_COMMA = YES;
				CLANG_WARN_CONSTANT_CONVERSION = YES;
				CLANG_WARN_DEPRECATED_OBJC_IMPLEMENTATIONS = YES;
				CLANG_WARN_DIRECT_OBJC_ISA_USAGE = YES_ERROR;
				CLANG_WARN_DOCUMENTATION_COMMENTS = YES;
				CLANG_WARN_EMPTY_BODY = YES;
				CLANG_WARN_ENUM_CONVERSION = YES;
				CLANG_WARN_INFINITE_RECURSION = YES;
				CLANG_WARN_INT_CONVERSION = YES;
				CLANG_WARN_NON_LITERAL_NULL_CONVERSION = YES;
				CLANG_WARN_OBJC_IMPLICIT_RETAIN_SELF = YES;
				CLANG_WARN_OBJC_LITERAL_CONVERSION = YES;
				CLANG_WARN_OBJC_ROOT_CLASS = YES_ERROR;
				CLANG_WARN_QUOTED_INCLUDE_IN_FRAMEWORK_HEADER = YES;
				CLANG_WARN_RANGE_LOOP_ANALYSIS = YES;
				CLANG_WARN_STRICT_PROTOTYPES = YES;
				CLANG_WARN_SUSPICIOUS_MOVE = YES;
				CLANG_WARN_UNGUARDED_AVAILABILITY = YES_AGGRESSIVE;
				CLANG_WARN_UNREACHABLE_CODE = YES;
				CLANG_WARN__DUPLICATE_METHOD_MATCH = YES;
				COPY_PHASE_STRIP = NO;
				DEBUG_INFORMATION_FORMAT = dwarf;
				ENABLE_STRICT_OBJC_MSGSEND = YES;
				ENABLE_TESTABILITY = YES;
				ENABLE_USER_SCRIPT_SANDBOXING = YES;
				GCC_C_LANGUAGE_STANDARD = gnu17;
				GCC_DYNAMIC_NO_PIC = NO;
				GCC_NO_COMMON_BLOCKS = YES;
				GCC_OPTIMIZATION_LEVEL = 0;
				GCC_PREPROCESSOR_DEFINITIONS = (
					"DEBUG=1",
					"$(inherited)",
				);
				GCC_WARN_64_TO_32_BIT_CONVERSION = YES;
				GCC_WARN_ABOUT_RETURN_TYPE = YES_ERROR;
				GCC_WARN_UNDECLARED_SELECTOR = YES;
				GCC_WARN_UNINITIALIZED_AUTOS = YES_AGGRESSIVE;
				GCC_WARN_UNUSED_FUNCTION = YES;
				GCC_WARN_UNUSED_VARIABLE = YES;
				IPHONEOS_DEPLOYMENT_TARGET = 18.2;
				LOCALIZATION_PREFERS_STRING_CATALOGS = YES;
				MTL_ENABLE_DEBUG_INFO = INCLUDE_SOURCE;
				MTL_FAST_MATH = YES;
				ONLY_ACTIVE_ARCH = YES;
				SDKROOT = iphoneos;
				SWIFT_ACTIVE_COMPILATION_CONDITIONS = "DEBUG $(inherited)";
				SWIFT_OPTIMIZATION_LEVEL = "-Onone";
			};
			name = Debug;
		};
		B0FD77BC2D8660F100753B22 /* Release */ = {
			isa = XCBuildConfiguration;
			buildSettings = {
				ALWAYS_SEARCH_USER_PATHS = NO;
				ASSETCATALOG_COMPILER_GENERATE_SWIFT_ASSET_SYMBOL_EXTENSIONS = YES;
				CLANG_ANALYZER_NONNULL = YES;
				CLANG_ANALYZER_NUMBER_OBJECT_CONVERSION = YES_AGGRESSIVE;
				CLANG_CXX_LANGUAGE_STANDARD = "gnu++20";
				CLANG_ENABLE_MODULES = YES;
				CLANG_ENABLE_OBJC_ARC = YES;
				CLANG_ENABLE_OBJC_WEAK = YES;
				CLANG_WARN_BLOCK_CAPTURE_AUTORELEASING = YES;
				CLANG_WARN_BOOL_CONVERSION = YES;
				CLANG_WARN_COMMA = YES;
				CLANG_WARN_CONSTANT_CONVERSION = YES;
				CLANG_WARN_DEPRECATED_OBJC_IMPLEMENTATIONS = YES;
				CLANG_WARN_DIRECT_OBJC_ISA_USAGE = YES_ERROR;
				CLANG_WARN_DOCUMENTATION_COMMENTS = YES;
				CLANG_WARN_EMPTY_BODY = YES;
				CLANG_WARN_ENUM_CONVERSION = YES;
				CLANG_WARN_INFINITE_RECURSION = YES;
				CLANG_WARN_INT_CONVERSION = YES;
				CLANG_WARN_NON_LITERAL_NULL_CONVERSION = YES;
				CLANG_WARN_OBJC_IMPLICIT_RETAIN_SELF = YES;
				CLANG_WARN_OBJC_LITERAL_CONVERSION = YES;
				CLANG_WARN_OBJC_ROOT_CLASS = YES_ERROR;
				CLANG_WARN_QUOTED_INCLUDE_IN_FRAMEWORK_HEADER = YES;
				CLANG_WARN_RANGE_LOOP_ANALYSIS = YES;
				CLANG_WARN_STRICT_PROTOTYPES = YES;
				CLANG_WARN_SUSPICIOUS_MOVE = YES;
				CLANG_WARN_UNGUARDED_AVAILABILITY = YES_AGGRESSIVE;
				CLANG_WARN_UNREACHABLE_CODE = YES;
				CLANG_WARN__DUPLICATE_METHOD_MATCH = YES;
				COPY_PHASE_STRIP = NO;
				DEBUG_INFORMATION_FORMAT = "dwarf-with-dsym";
				ENABLE_NS_ASSERTIONS = NO;
				ENABLE_STRICT_OBJC_MSGSEND = YES;
				ENABLE_USER_SCRIPT_SANDBOXING = YES;
				GCC_C_LANGUAGE_STANDARD = gnu17;
				GCC_NO_COMMON_BLOCKS = YES;
				GCC_WARN_64_TO_32_BIT_CONVERSION = YES;
				GCC_WARN_ABOUT_RETURN_TYPE = YES_ERROR;
				GCC_WARN_UNDECLARED_SELECTOR = YES;
				GCC_WARN_UNINITIALIZED_AUTOS = YES_AGGRESSIVE;
				GCC_WARN_UNUSED_FUNCTION = YES;
				GCC_WARN_UNUSED_VARIABLE = YES;
				IPHONEOS_DEPLOYMENT_TARGET = 18.2;
				LOCALIZATION_PREFERS_STRING_CATALOGS = YES;
				MTL_ENABLE_DEBUG_INFO = NO;
				MTL_FAST_MATH = YES;
				SDKROOT = iphoneos;
				SWIFT_COMPILATION_MODE = wholemodule;
				VALIDATE_PRODUCT = YES;
			};
			name = Release;
		};
		B0FD77BE2D8660F100753B22 /* Debug */ = {
			isa = XCBuildConfiguration;
			buildSettings = {
				BUNDLE_LOADER = "$(TEST_HOST)";
				CODE_SIGN_STYLE = Automatic;
				CURRENT_PROJECT_VERSION = 1;
				GENERATE_INFOPLIST_FILE = YES;
				IPHONEOS_DEPLOYMENT_TARGET = 18.2;
				MARKETING_VERSION = 1.0;
				PRODUCT_BUNDLE_IDENTIFIER = sbui.AirQualityAppTests;
				PRODUCT_NAME = "$(TARGET_NAME)";
				SWIFT_EMIT_LOC_STRINGS = NO;
				SWIFT_VERSION = 5.0;
				TARGETED_DEVICE_FAMILY = "1,2";
				TEST_HOST = "$(BUILT_PRODUCTS_DIR)/AirQualityApp.app/$(BUNDLE_EXECUTABLE_FOLDER_PATH)/AirQualityApp";
			};
			name = Debug;
		};
		B0FD77BF2D8660F100753B22 /* Release */ = {
			isa = XCBuildConfiguration;
			buildSettings = {
				BUNDLE_LOADER = "$(TEST_HOST)";
				CODE_SIGN_STYLE = Automatic;
				CURRENT_PROJECT_VERSION = 1;
				GENERATE_INFOPLIST_FILE = YES;
				IPHONEOS_DEPLOYMENT_TARGET = 18.2;
				MARKETING_VERSION = 1.0;
				PRODUCT_BUNDLE_IDENTIFIER = sbui.AirQualityAppTests;
				PRODUCT_NAME = "$(TARGET_NAME)";
				SWIFT_EMIT_LOC_STRINGS = NO;
				SWIFT_VERSION = 5.0;
				TARGETED_DEVICE_FAMILY = "1,2";
				TEST_HOST = "$(BUILT_PRODUCTS_DIR)/AirQualityApp.app/$(BUNDLE_EXECUTABLE_FOLDER_PATH)/AirQualityApp";
			};
			name = Release;
		};
		B0FD77C12D8660F100753B22 /* Debug */ = {
			isa = XCBuildConfiguration;
			buildSettings = {
				CODE_SIGN_STYLE = Automatic;
				CURRENT_PROJECT_VERSION = 1;
				GENERATE_INFOPLIST_FILE = YES;
				MARKETING_VERSION = 1.0;
				PRODUCT_BUNDLE_IDENTIFIER = sbui.AirQualityAppUITests;
				PRODUCT_NAME = "$(TARGET_NAME)";
				SWIFT_EMIT_LOC_STRINGS = NO;
				SWIFT_VERSION = 5.0;
				TARGETED_DEVICE_FAMILY = "1,2";
				TEST_TARGET_NAME = AirQualityApp;
			};
			name = Debug;
		};
		B0FD77C22D8660F100753B22 /* Release */ = {
			isa = XCBuildConfiguration;
			buildSettings = {
				CODE_SIGN_STYLE = Automatic;
				CURRENT_PROJECT_VERSION = 1;
				GENERATE_INFOPLIST_FILE = YES;
				MARKETING_VERSION = 1.0;
				PRODUCT_BUNDLE_IDENTIFIER = sbui.AirQualityAppUITests;
				PRODUCT_NAME = "$(TARGET_NAME)";
				SWIFT_EMIT_LOC_STRINGS = NO;
				SWIFT_VERSION = 5.0;
				TARGETED_DEVICE_FAMILY = "1,2";
				TEST_TARGET_NAME = AirQualityApp;
			};
			name = Release;
		};
/* End XCBuildConfiguration section */

/* Begin XCConfigurationList section */
		B0FD778A2D8660EF00753B22 /* Build configuration list for PBXProject "AirQualityApp" */ = {
			isa = XCConfigurationList;
			buildConfigurations = (
				B0FD77BB2D8660F100753B22 /* Debug */,
				B0FD77BC2D8660F100753B22 /* Release */,
			);
			defaultConfigurationIsVisible = 0;
			defaultConfigurationName = Release;
		};
		B0FD77B82D8660F100753B22 /* Build configuration list for PBXNativeTarget "AirQualityApp" */ = {
			isa = XCConfigurationList;
			buildConfigurations = (
				B0FD77B92D8660F100753B22 /* Debug */,
				B0FD77BA2D8660F100753B22 /* Release */,
			);
			defaultConfigurationIsVisible = 0;
			defaultConfigurationName = Release;
		};
		B0FD77BD2D8660F100753B22 /* Build configuration list for PBXNativeTarget "AirQualityAppTests" */ = {
			isa = XCConfigurationList;
			buildConfigurations = (
				B0FD77BE2D8660F100753B22 /* Debug */,
				B0FD77BF2D8660F100753B22 /* Release */,
			);
			defaultConfigurationIsVisible = 0;
			defaultConfigurationName = Release;
		};
		B0FD77C02D8660F100753B22 /* Build configuration list for PBXNativeTarget "AirQualityAppUITests" */ = {
			isa = XCConfigurationList;
			buildConfigurations = (
				B0FD77C12D8660F100753B22 /* Debug */,
				B0FD77C22D8660F100753B22 /* Release */,
			);
			defaultConfigurationIsVisible = 0;
			defaultConfigurationName = Release;
		};
/* End XCConfigurationList section */
	};
	rootObject = B0FD77872D8660EF00753B22 /* Project object */;
}
